// !$*UTF8*$!
{
	archiveVersion = 1;
	classes = {
	};
	objectVersion = 56;
	objects = {

/* Begin PBXBuildFile section */
		00271D332D1550C300A397FA /* FuturesBootcamp.swift in Sources */ = {isa = PBXBuildFile; fileRef = 00271D322D1550C300A397FA /* FuturesBootcamp.swift */; };
		00271D372D15D62100A397FA /* PublisherBootcamp.swift in Sources */ = {isa = PBXBuildFile; fileRef = 00271D362D15D62100A397FA /* PublisherBootcamp.swift */; };
		00271D392D15D9A900A397FA /* TryMapBootcamp.swift in Sources */ = {isa = PBXBuildFile; fileRef = 00271D382D15D9A900A397FA /* TryMapBootcamp.swift */; };
		00271D3D2D15DAD400A397FA /* HeaderView.swift in Sources */ = {isa = PBXBuildFile; fileRef = 00271D3C2D15DAD400A397FA /* HeaderView.swift */; };
		0091A1432CE2BEF400C5DFF8 /* SwiftAdvancedLearningApp.swift in Sources */ = {isa = PBXBuildFile; fileRef = 0091A1422CE2BEF400C5DFF8 /* SwiftAdvancedLearningApp.swift */; };
		0091A1452CE2BEF400C5DFF8 /* ContentView.swift in Sources */ = {isa = PBXBuildFile; fileRef = 0091A1442CE2BEF400C5DFF8 /* ContentView.swift */; };
		0091A1472CE2BEF500C5DFF8 /* Assets.xcassets in Resources */ = {isa = PBXBuildFile; fileRef = 0091A1462CE2BEF500C5DFF8 /* Assets.xcassets */; };
		0091A14A2CE2BEF500C5DFF8 /* Preview Assets.xcassets in Resources */ = {isa = PBXBuildFile; fileRef = 0091A1492CE2BEF500C5DFF8 /* Preview Assets.xcassets */; };
		0091A1542CE2BEF500C5DFF8 /* SwiftAdvancedLearningTests.swift in Sources */ = {isa = PBXBuildFile; fileRef = 0091A1532CE2BEF500C5DFF8 /* SwiftAdvancedLearningTests.swift */; };
		0091A15E2CE2BEF500C5DFF8 /* SwiftAdvancedLearningUITests.swift in Sources */ = {isa = PBXBuildFile; fileRef = 0091A15D2CE2BEF500C5DFF8 /* SwiftAdvancedLearningUITests.swift */; };
		0091A1602CE2BEF500C5DFF8 /* SwiftAdvancedLearningUITestsLaunchTests.swift in Sources */ = {isa = PBXBuildFile; fileRef = 0091A15F2CE2BEF500C5DFF8 /* SwiftAdvancedLearningUITestsLaunchTests.swift */; };
		0091A16D2CE2BFCE00C5DFF8 /* ProtocolsBootcamp.swift in Sources */ = {isa = PBXBuildFile; fileRef = 0091A16C2CE2BFCE00C5DFF8 /* ProtocolsBootcamp.swift */; };
		0091A16F2CE2C76600C5DFF8 /* DependencyInjectionBootcamp.swift in Sources */ = {isa = PBXBuildFile; fileRef = 0091A16E2CE2C76600C5DFF8 /* DependencyInjectionBootcamp.swift */; };
		0091A1722CE2E5BE00C5DFF8 /* UnitTestingBootcampView.swift in Sources */ = {isa = PBXBuildFile; fileRef = 0091A1712CE2E5BE00C5DFF8 /* UnitTestingBootcampView.swift */; };
		0091A1742CE2E71700C5DFF8 /* UnitTestingBootcampViewModel.swift in Sources */ = {isa = PBXBuildFile; fileRef = 0091A1732CE2E71700C5DFF8 /* UnitTestingBootcampViewModel.swift */; };
		0091A1762CE2EA7D00C5DFF8 /* UnitTestingBootcampViewModel_Tests.swift in Sources */ = {isa = PBXBuildFile; fileRef = 0091A1752CE2EA7D00C5DFF8 /* UnitTestingBootcampViewModel_Tests.swift */; };
		00BDA95C2CE4451D00A0CEE5 /* MockTestDataService.swift in Sources */ = {isa = PBXBuildFile; fileRef = 00BDA95B2CE4451D00A0CEE5 /* MockTestDataService.swift */; };
		00BDA95E2CE5718C00A0CEE5 /* MockTestDataService_Tests.swift in Sources */ = {isa = PBXBuildFile; fileRef = 00BDA95D2CE5718C00A0CEE5 /* MockTestDataService_Tests.swift */; };
/* End PBXBuildFile section */

/* Begin PBXContainerItemProxy section */
		0091A1502CE2BEF500C5DFF8 /* PBXContainerItemProxy */ = {
			isa = PBXContainerItemProxy;
			containerPortal = 0091A1372CE2BEF400C5DFF8 /* Project object */;
			proxyType = 1;
			remoteGlobalIDString = 0091A13E2CE2BEF400C5DFF8;
			remoteInfo = SwiftAdvancedLearning;
		};
		0091A15A2CE2BEF500C5DFF8 /* PBXContainerItemProxy */ = {
			isa = PBXContainerItemProxy;
			containerPortal = 0091A1372CE2BEF400C5DFF8 /* Project object */;
			proxyType = 1;
			remoteGlobalIDString = 0091A13E2CE2BEF400C5DFF8;
			remoteInfo = SwiftAdvancedLearning;
		};
/* End PBXContainerItemProxy section */

/* Begin PBXFileReference section */
		00271D322D1550C300A397FA /* FuturesBootcamp.swift */ = {isa = PBXFileReference; lastKnownFileType = sourcecode.swift; path = FuturesBootcamp.swift; sourceTree = "<group>"; };
		00271D362D15D62100A397FA /* PublisherBootcamp.swift */ = {isa = PBXFileReference; lastKnownFileType = sourcecode.swift; path = PublisherBootcamp.swift; sourceTree = "<group>"; };
		00271D382D15D9A900A397FA /* TryMapBootcamp.swift */ = {isa = PBXFileReference; lastKnownFileType = sourcecode.swift; path = TryMapBootcamp.swift; sourceTree = "<group>"; };
		00271D3C2D15DAD400A397FA /* HeaderView.swift */ = {isa = PBXFileReference; lastKnownFileType = sourcecode.swift; path = HeaderView.swift; sourceTree = "<group>"; };
		0091A13F2CE2BEF400C5DFF8 /* SwiftAdvancedLearning.app */ = {isa = PBXFileReference; explicitFileType = wrapper.application; includeInIndex = 0; path = SwiftAdvancedLearning.app; sourceTree = BUILT_PRODUCTS_DIR; };
		0091A1422CE2BEF400C5DFF8 /* SwiftAdvancedLearningApp.swift */ = {isa = PBXFileReference; lastKnownFileType = sourcecode.swift; path = SwiftAdvancedLearningApp.swift; sourceTree = "<group>"; };
		0091A1442CE2BEF400C5DFF8 /* ContentView.swift */ = {isa = PBXFileReference; lastKnownFileType = sourcecode.swift; path = ContentView.swift; sourceTree = "<group>"; };
		0091A1462CE2BEF500C5DFF8 /* Assets.xcassets */ = {isa = PBXFileReference; lastKnownFileType = folder.assetcatalog; path = Assets.xcassets; sourceTree = "<group>"; };
		0091A1492CE2BEF500C5DFF8 /* Preview Assets.xcassets */ = {isa = PBXFileReference; lastKnownFileType = folder.assetcatalog; path = "Preview Assets.xcassets"; sourceTree = "<group>"; };
		0091A14F2CE2BEF500C5DFF8 /* SwiftAdvancedLearningTests.xctest */ = {isa = PBXFileReference; explicitFileType = wrapper.cfbundle; includeInIndex = 0; path = SwiftAdvancedLearningTests.xctest; sourceTree = BUILT_PRODUCTS_DIR; };
		0091A1532CE2BEF500C5DFF8 /* SwiftAdvancedLearningTests.swift */ = {isa = PBXFileReference; lastKnownFileType = sourcecode.swift; path = SwiftAdvancedLearningTests.swift; sourceTree = "<group>"; };
		0091A1592CE2BEF500C5DFF8 /* SwiftAdvancedLearningUITests.xctest */ = {isa = PBXFileReference; explicitFileType = wrapper.cfbundle; includeInIndex = 0; path = SwiftAdvancedLearningUITests.xctest; sourceTree = BUILT_PRODUCTS_DIR; };
		0091A15D2CE2BEF500C5DFF8 /* SwiftAdvancedLearningUITests.swift */ = {isa = PBXFileReference; lastKnownFileType = sourcecode.swift; path = SwiftAdvancedLearningUITests.swift; sourceTree = "<group>"; };
		0091A15F2CE2BEF500C5DFF8 /* SwiftAdvancedLearningUITestsLaunchTests.swift */ = {isa = PBXFileReference; lastKnownFileType = sourcecode.swift; path = SwiftAdvancedLearningUITestsLaunchTests.swift; sourceTree = "<group>"; };
		0091A16C2CE2BFCE00C5DFF8 /* ProtocolsBootcamp.swift */ = {isa = PBXFileReference; lastKnownFileType = sourcecode.swift; path = ProtocolsBootcamp.swift; sourceTree = "<group>"; };
		0091A16E2CE2C76600C5DFF8 /* DependencyInjectionBootcamp.swift */ = {isa = PBXFileReference; lastKnownFileType = sourcecode.swift; path = DependencyInjectionBootcamp.swift; sourceTree = "<group>"; };
		0091A1712CE2E5BE00C5DFF8 /* UnitTestingBootcampView.swift */ = {isa = PBXFileReference; lastKnownFileType = sourcecode.swift; path = UnitTestingBootcampView.swift; sourceTree = "<group>"; };
		0091A1732CE2E71700C5DFF8 /* UnitTestingBootcampViewModel.swift */ = {isa = PBXFileReference; lastKnownFileType = sourcecode.swift; path = UnitTestingBootcampViewModel.swift; sourceTree = "<group>"; };
		0091A1752CE2EA7D00C5DFF8 /* UnitTestingBootcampViewModel_Tests.swift */ = {isa = PBXFileReference; lastKnownFileType = sourcecode.swift; path = UnitTestingBootcampViewModel_Tests.swift; sourceTree = "<group>"; };
		00BDA95B2CE4451D00A0CEE5 /* MockTestDataService.swift */ = {isa = PBXFileReference; lastKnownFileType = sourcecode.swift; path = MockTestDataService.swift; sourceTree = "<group>"; };
		00BDA95D2CE5718C00A0CEE5 /* MockTestDataService_Tests.swift */ = {isa = PBXFileReference; lastKnownFileType = sourcecode.swift; path = MockTestDataService_Tests.swift; sourceTree = "<group>"; };
/* End PBXFileReference section */

/* Begin PBXFrameworksBuildPhase section */
		0091A13C2CE2BEF400C5DFF8 /* Frameworks */ = {
			isa = PBXFrameworksBuildPhase;
			buildActionMask = 2147483647;
			files = (
			);
			runOnlyForDeploymentPostprocessing = 0;
		};
		0091A14C2CE2BEF500C5DFF8 /* Frameworks */ = {
			isa = PBXFrameworksBuildPhase;
			buildActionMask = 2147483647;
			files = (
			);
			runOnlyForDeploymentPostprocessing = 0;
		};
		0091A1562CE2BEF500C5DFF8 /* Frameworks */ = {
			isa = PBXFrameworksBuildPhase;
			buildActionMask = 2147483647;
			files = (
			);
			runOnlyForDeploymentPostprocessing = 0;
		};
/* End PBXFrameworksBuildPhase section */

/* Begin PBXGroup section */
		00271D7F2D15F0E300A397FA /* Concurrency */ = {
			isa = PBXGroup;
			children = (
				0091A16C2CE2BFCE00C5DFF8 /* ProtocolsBootcamp.swift */,
				0091A16E2CE2C76600C5DFF8 /* DependencyInjectionBootcamp.swift */,
				00271D322D1550C300A397FA /* FuturesBootcamp.swift */,
				00271D362D15D62100A397FA /* PublisherBootcamp.swift */,
				0091A1422CE2BEF400C5DFF8 /* SwiftAdvancedLearningApp.swift */,
				0091A1442CE2BEF400C5DFF8 /* ContentView.swift */,
				00271D382D15D9A900A397FA /* TryMapBootcamp.swift */,
				00271D3C2D15DAD400A397FA /* HeaderView.swift */,
			);
			path = Concurrency;
			sourceTree = "<group>";
		};
		0091A1362CE2BEF400C5DFF8 = {
			isa = PBXGroup;
			children = (
				0091A1412CE2BEF400C5DFF8 /* SwiftAdvancedLearning */,
				0091A1522CE2BEF500C5DFF8 /* SwiftAdvancedLearningTests */,
				0091A15C2CE2BEF500C5DFF8 /* SwiftAdvancedLearningUITests */,
				0091A1402CE2BEF400C5DFF8 /* Products */,
			);
			sourceTree = "<group>";
		};
		0091A1402CE2BEF400C5DFF8 /* Products */ = {
			isa = PBXGroup;
			children = (
				0091A13F2CE2BEF400C5DFF8 /* SwiftAdvancedLearning.app */,
				0091A14F2CE2BEF500C5DFF8 /* SwiftAdvancedLearningTests.xctest */,
				0091A1592CE2BEF500C5DFF8 /* SwiftAdvancedLearningUITests.xctest */,
			);
			name = Products;
			sourceTree = "<group>";
		};
		0091A1412CE2BEF400C5DFF8 /* SwiftAdvancedLearning */ = {
			isa = PBXGroup;
			children = (
				00271D7F2D15F0E300A397FA /* Concurrency */,
				0091A1702CE2E59700C5DFF8 /* UnitTestingBootcamp */,
				0091A1462CE2BEF500C5DFF8 /* Assets.xcassets */,
				0091A1482CE2BEF500C5DFF8 /* Preview Content */,
			);
			path = SwiftAdvancedLearning;
			sourceTree = "<group>";
		};
		0091A1482CE2BEF500C5DFF8 /* Preview Content */ = {
			isa = PBXGroup;
			children = (
				0091A1492CE2BEF500C5DFF8 /* Preview Assets.xcassets */,
			);
			path = "Preview Content";
			sourceTree = "<group>";
		};
		0091A1522CE2BEF500C5DFF8 /* SwiftAdvancedLearningTests */ = {
			isa = PBXGroup;
			children = (
				0091A1532CE2BEF500C5DFF8 /* SwiftAdvancedLearningTests.swift */,
				0091A1752CE2EA7D00C5DFF8 /* UnitTestingBootcampViewModel_Tests.swift */,
				00BDA95D2CE5718C00A0CEE5 /* MockTestDataService_Tests.swift */,
			);
			path = SwiftAdvancedLearningTests;
			sourceTree = "<group>";
		};
		0091A15C2CE2BEF500C5DFF8 /* SwiftAdvancedLearningUITests */ = {
			isa = PBXGroup;
			children = (
				0091A15D2CE2BEF500C5DFF8 /* SwiftAdvancedLearningUITests.swift */,
				0091A15F2CE2BEF500C5DFF8 /* SwiftAdvancedLearningUITestsLaunchTests.swift */,
			);
			path = SwiftAdvancedLearningUITests;
			sourceTree = "<group>";
		};
		0091A1702CE2E59700C5DFF8 /* UnitTestingBootcamp */ = {
			isa = PBXGroup;
			children = (
				0091A1712CE2E5BE00C5DFF8 /* UnitTestingBootcampView.swift */,
				0091A1732CE2E71700C5DFF8 /* UnitTestingBootcampViewModel.swift */,
				00BDA95B2CE4451D00A0CEE5 /* MockTestDataService.swift */,
			);
			path = UnitTestingBootcamp;
			sourceTree = "<group>";
		};
/* End PBXGroup section */

/* Begin PBXNativeTarget section */
		0091A13E2CE2BEF400C5DFF8 /* SwiftAdvancedLearning */ = {
			isa = PBXNativeTarget;
			buildConfigurationList = 0091A1632CE2BEF500C5DFF8 /* Build configuration list for PBXNativeTarget "SwiftAdvancedLearning" */;
			buildPhases = (
				0091A13B2CE2BEF400C5DFF8 /* Sources */,
				0091A13C2CE2BEF400C5DFF8 /* Frameworks */,
				0091A13D2CE2BEF400C5DFF8 /* Resources */,
			);
			buildRules = (
			);
			dependencies = (
			);
			name = SwiftAdvancedLearning;
			productName = SwiftAdvancedLearning;
			productReference = 0091A13F2CE2BEF400C5DFF8 /* SwiftAdvancedLearning.app */;
			productType = "com.apple.product-type.application";
		};
		0091A14E2CE2BEF500C5DFF8 /* SwiftAdvancedLearningTests */ = {
			isa = PBXNativeTarget;
			buildConfigurationList = 0091A1662CE2BEF500C5DFF8 /* Build configuration list for PBXNativeTarget "SwiftAdvancedLearningTests" */;
			buildPhases = (
				0091A14B2CE2BEF500C5DFF8 /* Sources */,
				0091A14C2CE2BEF500C5DFF8 /* Frameworks */,
				0091A14D2CE2BEF500C5DFF8 /* Resources */,
			);
			buildRules = (
			);
			dependencies = (
				0091A1512CE2BEF500C5DFF8 /* PBXTargetDependency */,
			);
			name = SwiftAdvancedLearningTests;
			productName = SwiftAdvancedLearningTests;
			productReference = 0091A14F2CE2BEF500C5DFF8 /* SwiftAdvancedLearningTests.xctest */;
			productType = "com.apple.product-type.bundle.unit-test";
		};
		0091A1582CE2BEF500C5DFF8 /* SwiftAdvancedLearningUITests */ = {
			isa = PBXNativeTarget;
			buildConfigurationList = 0091A1692CE2BEF500C5DFF8 /* Build configuration list for PBXNativeTarget "SwiftAdvancedLearningUITests" */;
			buildPhases = (
				0091A1552CE2BEF500C5DFF8 /* Sources */,
				0091A1562CE2BEF500C5DFF8 /* Frameworks */,
				0091A1572CE2BEF500C5DFF8 /* Resources */,
			);
			buildRules = (
			);
			dependencies = (
				0091A15B2CE2BEF500C5DFF8 /* PBXTargetDependency */,
			);
			name = SwiftAdvancedLearningUITests;
			productName = SwiftAdvancedLearningUITests;
			productReference = 0091A1592CE2BEF500C5DFF8 /* SwiftAdvancedLearningUITests.xctest */;
			productType = "com.apple.product-type.bundle.ui-testing";
		};
/* End PBXNativeTarget section */

/* Begin PBXProject section */
		0091A1372CE2BEF400C5DFF8 /* Project object */ = {
			isa = PBXProject;
			attributes = {
				BuildIndependentTargetsInParallel = 1;
				LastSwiftUpdateCheck = 1540;
				LastUpgradeCheck = 1540;
				TargetAttributes = {
					0091A13E2CE2BEF400C5DFF8 = {
						CreatedOnToolsVersion = 15.4;
					};
					0091A14E2CE2BEF500C5DFF8 = {
						CreatedOnToolsVersion = 15.4;
						TestTargetID = 0091A13E2CE2BEF400C5DFF8;
					};
					0091A1582CE2BEF500C5DFF8 = {
						CreatedOnToolsVersion = 15.4;
						TestTargetID = 0091A13E2CE2BEF400C5DFF8;
					};
				};
			};
			buildConfigurationList = 0091A13A2CE2BEF400C5DFF8 /* Build configuration list for PBXProject "SwiftAdvancedLearning" */;
			compatibilityVersion = "Xcode 14.0";
			developmentRegion = en;
			hasScannedForEncodings = 0;
			knownRegions = (
				en,
				Base,
			);
			mainGroup = 0091A1362CE2BEF400C5DFF8;
			productRefGroup = 0091A1402CE2BEF400C5DFF8 /* Products */;
			projectDirPath = "";
			projectRoot = "";
			targets = (
				0091A13E2CE2BEF400C5DFF8 /* SwiftAdvancedLearning */,
				0091A14E2CE2BEF500C5DFF8 /* SwiftAdvancedLearningTests */,
				0091A1582CE2BEF500C5DFF8 /* SwiftAdvancedLearningUITests */,
			);
		};
/* End PBXProject section */

/* Begin PBXResourcesBuildPhase section */
		0091A13D2CE2BEF400C5DFF8 /* Resources */ = {
			isa = PBXResourcesBuildPhase;
			buildActionMask = 2147483647;
			files = (
				0091A14A2CE2BEF500C5DFF8 /* Preview Assets.xcassets in Resources */,
				0091A1472CE2BEF500C5DFF8 /* Assets.xcassets in Resources */,
			);
			runOnlyForDeploymentPostprocessing = 0;
		};
		0091A14D2CE2BEF500C5DFF8 /* Resources */ = {
			isa = PBXResourcesBuildPhase;
			buildActionMask = 2147483647;
			files = (
			);
			runOnlyForDeploymentPostprocessing = 0;
		};
		0091A1572CE2BEF500C5DFF8 /* Resources */ = {
			isa = PBXResourcesBuildPhase;
			buildActionMask = 2147483647;
			files = (
			);
			runOnlyForDeploymentPostprocessing = 0;
		};
/* End PBXResourcesBuildPhase section */

/* Begin PBXSourcesBuildPhase section */
		0091A13B2CE2BEF400C5DFF8 /* Sources */ = {
			isa = PBXSourcesBuildPhase;
			buildActionMask = 2147483647;
			files = (
				0091A1742CE2E71700C5DFF8 /* UnitTestingBootcampViewModel.swift in Sources */,
				0091A16D2CE2BFCE00C5DFF8 /* ProtocolsBootcamp.swift in Sources */,
				0091A16F2CE2C76600C5DFF8 /* DependencyInjectionBootcamp.swift in Sources */,
				00271D332D1550C300A397FA /* FuturesBootcamp.swift in Sources */,
				0091A1452CE2BEF400C5DFF8 /* ContentView.swift in Sources */,
				0091A1722CE2E5BE00C5DFF8 /* UnitTestingBootcampView.swift in Sources */,
				00271D372D15D62100A397FA /* PublisherBootcamp.swift in Sources */,
				00271D3D2D15DAD400A397FA /* HeaderView.swift in Sources */,
				00BDA95C2CE4451D00A0CEE5 /* MockTestDataService.swift in Sources */,
				0091A1432CE2BEF400C5DFF8 /* SwiftAdvancedLearningApp.swift in Sources */,
				00271D392D15D9A900A397FA /* TryMapBootcamp.swift in Sources */,
			);
			runOnlyForDeploymentPostprocessing = 0;
		};
		0091A14B2CE2BEF500C5DFF8 /* Sources */ = {
			isa = PBXSourcesBuildPhase;
			buildActionMask = 2147483647;
			files = (
				0091A1762CE2EA7D00C5DFF8 /* UnitTestingBootcampViewModel_Tests.swift in Sources */,
				0091A1542CE2BEF500C5DFF8 /* SwiftAdvancedLearningTests.swift in Sources */,
				00BDA95E2CE5718C00A0CEE5 /* MockTestDataService_Tests.swift in Sources */,
			);
			runOnlyForDeploymentPostprocessing = 0;
		};
		0091A1552CE2BEF500C5DFF8 /* Sources */ = {
			isa = PBXSourcesBuildPhase;
			buildActionMask = 2147483647;
			files = (
				0091A1602CE2BEF500C5DFF8 /* SwiftAdvancedLearningUITestsLaunchTests.swift in Sources */,
				0091A15E2CE2BEF500C5DFF8 /* SwiftAdvancedLearningUITests.swift in Sources */,
			);
			runOnlyForDeploymentPostprocessing = 0;
		};
/* End PBXSourcesBuildPhase section */

/* Begin PBXTargetDependency section */
		0091A1512CE2BEF500C5DFF8 /* PBXTargetDependency */ = {
			isa = PBXTargetDependency;
			target = 0091A13E2CE2BEF400C5DFF8 /* SwiftAdvancedLearning */;
			targetProxy = 0091A1502CE2BEF500C5DFF8 /* PBXContainerItemProxy */;
		};
		0091A15B2CE2BEF500C5DFF8 /* PBXTargetDependency */ = {
			isa = PBXTargetDependency;
			target = 0091A13E2CE2BEF400C5DFF8 /* SwiftAdvancedLearning */;
			targetProxy = 0091A15A2CE2BEF500C5DFF8 /* PBXContainerItemProxy */;
		};
/* End PBXTargetDependency section */

/* Begin XCBuildConfiguration section */
		0091A1612CE2BEF500C5DFF8 /* Debug */ = {
			isa = XCBuildConfiguration;
			buildSettings = {
				ALWAYS_SEARCH_USER_PATHS = NO;
				ASSETCATALOG_COMPILER_GENERATE_SWIFT_ASSET_SYMBOL_EXTENSIONS = YES;
				CLANG_ANALYZER_NONNULL = YES;
				CLANG_ANALYZER_NUMBER_OBJECT_CONVERSION = YES_AGGRESSIVE;
				CLANG_CXX_LANGUAGE_STANDARD = "gnu++20";
				CLANG_ENABLE_MODULES = YES;
				CLANG_ENABLE_OBJC_ARC = YES;
				CLANG_ENABLE_OBJC_WEAK = YES;
				CLANG_WARN_BLOCK_CAPTURE_AUTORELEASING = YES;
				CLANG_WARN_BOOL_CONVERSION = YES;
				CLANG_WARN_COMMA = YES;
				CLANG_WARN_CONSTANT_CONVERSION = YES;
				CLANG_WARN_DEPRECATED_OBJC_IMPLEMENTATIONS = YES;
				CLANG_WARN_DIRECT_OBJC_ISA_USAGE = YES_ERROR;
				CLANG_WARN_DOCUMENTATION_COMMENTS = YES;
				CLANG_WARN_EMPTY_BODY = YES;
				CLANG_WARN_ENUM_CONVERSION = YES;
				CLANG_WARN_INFINITE_RECURSION = YES;
				CLANG_WARN_INT_CONVERSION = YES;
				CLANG_WARN_NON_LITERAL_NULL_CONVERSION = YES;
				CLANG_WARN_OBJC_IMPLICIT_RETAIN_SELF = YES;
				CLANG_WARN_OBJC_LITERAL_CONVERSION = YES;
				CLANG_WARN_OBJC_ROOT_CLASS = YES_ERROR;
				CLANG_WARN_QUOTED_INCLUDE_IN_FRAMEWORK_HEADER = YES;
				CLANG_WARN_RANGE_LOOP_ANALYSIS = YES;
				CLANG_WARN_STRICT_PROTOTYPES = YES;
				CLANG_WARN_SUSPICIOUS_MOVE = YES;
				CLANG_WARN_UNGUARDED_AVAILABILITY = YES_AGGRESSIVE;
				CLANG_WARN_UNREACHABLE_CODE = YES;
				CLANG_WARN__DUPLICATE_METHOD_MATCH = YES;
				COPY_PHASE_STRIP = NO;
				DEBUG_INFORMATION_FORMAT = dwarf;
				ENABLE_STRICT_OBJC_MSGSEND = YES;
				ENABLE_TESTABILITY = YES;
				ENABLE_USER_SCRIPT_SANDBOXING = YES;
				GCC_C_LANGUAGE_STANDARD = gnu17;
				GCC_DYNAMIC_NO_PIC = NO;
				GCC_NO_COMMON_BLOCKS = YES;
				GCC_OPTIMIZATION_LEVEL = 0;
				GCC_PREPROCESSOR_DEFINITIONS = (
					"DEBUG=1",
					"$(inherited)",
				);
				GCC_WARN_64_TO_32_BIT_CONVERSION = YES;
				GCC_WARN_ABOUT_RETURN_TYPE = YES_ERROR;
				GCC_WARN_UNDECLARED_SELECTOR = YES;
				GCC_WARN_UNINITIALIZED_AUTOS = YES_AGGRESSIVE;
				GCC_WARN_UNUSED_FUNCTION = YES;
				GCC_WARN_UNUSED_VARIABLE = YES;
				IPHONEOS_DEPLOYMENT_TARGET = 17.5;
				LOCALIZATION_PREFERS_STRING_CATALOGS = YES;
				MTL_ENABLE_DEBUG_INFO = INCLUDE_SOURCE;
				MTL_FAST_MATH = YES;
				ONLY_ACTIVE_ARCH = YES;
				SDKROOT = iphoneos;
				SWIFT_ACTIVE_COMPILATION_CONDITIONS = "DEBUG $(inherited)";
				SWIFT_OPTIMIZATION_LEVEL = "-Onone";
			};
			name = Debug;
		};
		0091A1622CE2BEF500C5DFF8 /* Release */ = {
			isa = XCBuildConfiguration;
			buildSettings = {
				ALWAYS_SEARCH_USER_PATHS = NO;
				ASSETCATALOG_COMPILER_GENERATE_SWIFT_ASSET_SYMBOL_EXTENSIONS = YES;
				CLANG_ANALYZER_NONNULL = YES;
				CLANG_ANALYZER_NUMBER_OBJECT_CONVERSION = YES_AGGRESSIVE;
				CLANG_CXX_LANGUAGE_STANDARD = "gnu++20";
				CLANG_ENABLE_MODULES = YES;
				CLANG_ENABLE_OBJC_ARC = YES;
				CLANG_ENABLE_OBJC_WEAK = YES;
				CLANG_WARN_BLOCK_CAPTURE_AUTORELEASING = YES;
				CLANG_WARN_BOOL_CONVERSION = YES;
				CLANG_WARN_COMMA = YES;
				CLANG_WARN_CONSTANT_CONVERSION = YES;
				CLANG_WARN_DEPRECATED_OBJC_IMPLEMENTATIONS = YES;
				CLANG_WARN_DIRECT_OBJC_ISA_USAGE = YES_ERROR;
				CLANG_WARN_DOCUMENTATION_COMMENTS = YES;
				CLANG_WARN_EMPTY_BODY = YES;
				CLANG_WARN_ENUM_CONVERSION = YES;
				CLANG_WARN_INFINITE_RECURSION = YES;
				CLANG_WARN_INT_CONVERSION = YES;
				CLANG_WARN_NON_LITERAL_NULL_CONVERSION = YES;
				CLANG_WARN_OBJC_IMPLICIT_RETAIN_SELF = YES;
				CLANG_WARN_OBJC_LITERAL_CONVERSION = YES;
				CLANG_WARN_OBJC_ROOT_CLASS = YES_ERROR;
				CLANG_WARN_QUOTED_INCLUDE_IN_FRAMEWORK_HEADER = YES;
				CLANG_WARN_RANGE_LOOP_ANALYSIS = YES;
				CLANG_WARN_STRICT_PROTOTYPES = YES;
				CLANG_WARN_SUSPICIOUS_MOVE = YES;
				CLANG_WARN_UNGUARDED_AVAILABILITY = YES_AGGRESSIVE;
				CLANG_WARN_UNREACHABLE_CODE = YES;
				CLANG_WARN__DUPLICATE_METHOD_MATCH = YES;
				COPY_PHASE_STRIP = NO;
				DEBUG_INFORMATION_FORMAT = "dwarf-with-dsym";
				ENABLE_NS_ASSERTIONS = NO;
				ENABLE_STRICT_OBJC_MSGSEND = YES;
				ENABLE_USER_SCRIPT_SANDBOXING = YES;
				GCC_C_LANGUAGE_STANDARD = gnu17;
				GCC_NO_COMMON_BLOCKS = YES;
				GCC_WARN_64_TO_32_BIT_CONVERSION = YES;
				GCC_WARN_ABOUT_RETURN_TYPE = YES_ERROR;
				GCC_WARN_UNDECLARED_SELECTOR = YES;
				GCC_WARN_UNINITIALIZED_AUTOS = YES_AGGRESSIVE;
				GCC_WARN_UNUSED_FUNCTION = YES;
				GCC_WARN_UNUSED_VARIABLE = YES;
				IPHONEOS_DEPLOYMENT_TARGET = 17.5;
				LOCALIZATION_PREFERS_STRING_CATALOGS = YES;
				MTL_ENABLE_DEBUG_INFO = NO;
				MTL_FAST_MATH = YES;
				SDKROOT = iphoneos;
				SWIFT_COMPILATION_MODE = wholemodule;
				VALIDATE_PRODUCT = YES;
			};
			name = Release;
		};
		0091A1642CE2BEF500C5DFF8 /* Debug */ = {
			isa = XCBuildConfiguration;
			buildSettings = {
				ASSETCATALOG_COMPILER_APPICON_NAME = AppIcon;
				ASSETCATALOG_COMPILER_GLOBAL_ACCENT_COLOR_NAME = AccentColor;
				CODE_SIGN_STYLE = Automatic;
				CURRENT_PROJECT_VERSION = 1;
				DEVELOPMENT_ASSET_PATHS = "\"SwiftAdvancedLearning/Preview Content\"";
				DEVELOPMENT_TEAM = 4XCQ9J45DF;
				ENABLE_PREVIEWS = YES;
				GENERATE_INFOPLIST_FILE = YES;
				INFOPLIST_KEY_UIApplicationSceneManifest_Generation = YES;
				INFOPLIST_KEY_UIApplicationSupportsIndirectInputEvents = YES;
				INFOPLIST_KEY_UILaunchScreen_Generation = YES;
				INFOPLIST_KEY_UISupportedInterfaceOrientations_iPad = "UIInterfaceOrientationPortrait UIInterfaceOrientationPortraitUpsideDown UIInterfaceOrientationLandscapeLeft UIInterfaceOrientationLandscapeRight";
				INFOPLIST_KEY_UISupportedInterfaceOrientations_iPhone = "UIInterfaceOrientationPortrait UIInterfaceOrientationLandscapeLeft UIInterfaceOrientationLandscapeRight";
				LD_RUNPATH_SEARCH_PATHS = (
					"$(inherited)",
					"@executable_path/Frameworks",
				);
				MARKETING_VERSION = 1.0;
				PRODUCT_BUNDLE_IDENTIFIER = com.Seraph.SwiftAdvancedLearning;
				PRODUCT_NAME = "$(TARGET_NAME)";
				SWIFT_EMIT_LOC_STRINGS = YES;
				SWIFT_VERSION = 5.0;
				TARGETED_DEVICE_FAMILY = "1,2";
			};
			name = Debug;
		};
		0091A1652CE2BEF500C5DFF8 /* Release */ = {
			isa = XCBuildConfiguration;
			buildSettings = {
				ASSETCATALOG_COMPILER_APPICON_NAME = AppIcon;
				ASSETCATALOG_COMPILER_GLOBAL_ACCENT_COLOR_NAME = AccentColor;
				CODE_SIGN_STYLE = Automatic;
				CURRENT_PROJECT_VERSION = 1;
				DEVELOPMENT_ASSET_PATHS = "\"SwiftAdvancedLearning/Preview Content\"";
				DEVELOPMENT_TEAM = 4XCQ9J45DF;
				ENABLE_PREVIEWS = YES;
				GENERATE_INFOPLIST_FILE = YES;
				INFOPLIST_KEY_UIApplicationSceneManifest_Generation = YES;
				INFOPLIST_KEY_UIApplicationSupportsIndirectInputEvents = YES;
				INFOPLIST_KEY_UILaunchScreen_Generation = YES;
				INFOPLIST_KEY_UISupportedInterfaceOrientations_iPad = "UIInterfaceOrientationPortrait UIInterfaceOrientationPortraitUpsideDown UIInterfaceOrientationLandscapeLeft UIInterfaceOrientationLandscapeRight";
				INFOPLIST_KEY_UISupportedInterfaceOrientations_iPhone = "UIInterfaceOrientationPortrait UIInterfaceOrientationLandscapeLeft UIInterfaceOrientationLandscapeRight";
				LD_RUNPATH_SEARCH_PATHS = (
					"$(inherited)",
					"@executable_path/Frameworks",
				);
				MARKETING_VERSION = 1.0;
				PRODUCT_BUNDLE_IDENTIFIER = com.Seraph.SwiftAdvancedLearning;
				PRODUCT_NAME = "$(TARGET_NAME)";
				SWIFT_EMIT_LOC_STRINGS = YES;
				SWIFT_VERSION = 5.0;
				TARGETED_DEVICE_FAMILY = "1,2";
			};
			name = Release;
		};
		0091A1672CE2BEF500C5DFF8 /* Debug */ = {
			isa = XCBuildConfiguration;
			buildSettings = {
				ALWAYS_EMBED_SWIFT_STANDARD_LIBRARIES = YES;
				BUNDLE_LOADER = "$(TEST_HOST)";
				CODE_SIGN_STYLE = Automatic;
				CURRENT_PROJECT_VERSION = 1;
				DEVELOPMENT_TEAM = 4XCQ9J45DF;
				GENERATE_INFOPLIST_FILE = YES;
				IPHONEOS_DEPLOYMENT_TARGET = 17.5;
				MARKETING_VERSION = 1.0;
				PRODUCT_BUNDLE_IDENTIFIER = com.Seraph.SwiftAdvancedLearningTests;
				PRODUCT_NAME = "$(TARGET_NAME)";
				SWIFT_EMIT_LOC_STRINGS = NO;
				SWIFT_VERSION = 5.0;
				TARGETED_DEVICE_FAMILY = "1,2";
				TEST_HOST = "$(BUILT_PRODUCTS_DIR)/SwiftAdvancedLearning.app/$(BUNDLE_EXECUTABLE_FOLDER_PATH)/SwiftAdvancedLearning";
			};
			name = Debug;
		};
		0091A1682CE2BEF500C5DFF8 /* Release */ = {
			isa = XCBuildConfiguration;
			buildSettings = {
				ALWAYS_EMBED_SWIFT_STANDARD_LIBRARIES = YES;
				BUNDLE_LOADER = "$(TEST_HOST)";
				CODE_SIGN_STYLE = Automatic;
				CURRENT_PROJECT_VERSION = 1;
				DEVELOPMENT_TEAM = 4XCQ9J45DF;
				GENERATE_INFOPLIST_FILE = YES;
				IPHONEOS_DEPLOYMENT_TARGET = 17.5;
				MARKETING_VERSION = 1.0;
				PRODUCT_BUNDLE_IDENTIFIER = com.Seraph.SwiftAdvancedLearningTests;
				PRODUCT_NAME = "$(TARGET_NAME)";
				SWIFT_EMIT_LOC_STRINGS = NO;
				SWIFT_VERSION = 5.0;
				TARGETED_DEVICE_FAMILY = "1,2";
				TEST_HOST = "$(BUILT_PRODUCTS_DIR)/SwiftAdvancedLearning.app/$(BUNDLE_EXECUTABLE_FOLDER_PATH)/SwiftAdvancedLearning";
			};
			name = Release;
		};
		0091A16A2CE2BEF500C5DFF8 /* Debug */ = {
			isa = XCBuildConfiguration;
			buildSettings = {
				ALWAYS_EMBED_SWIFT_STANDARD_LIBRARIES = YES;
				CODE_SIGN_STYLE = Automatic;
				CURRENT_PROJECT_VERSION = 1;
				DEVELOPMENT_TEAM = 4XCQ9J45DF;
				GENERATE_INFOPLIST_FILE = YES;
				MARKETING_VERSION = 1.0;
				PRODUCT_BUNDLE_IDENTIFIER = com.Seraph.SwiftAdvancedLearningUITests;
				PRODUCT_NAME = "$(TARGET_NAME)";
				SWIFT_EMIT_LOC_STRINGS = NO;
				SWIFT_VERSION = 5.0;
				TARGETED_DEVICE_FAMILY = "1,2";
				TEST_TARGET_NAME = SwiftAdvancedLearning;
			};
			name = Debug;
		};
		0091A16B2CE2BEF500C5DFF8 /* Release */ = {
			isa = XCBuildConfiguration;
			buildSettings = {
				ALWAYS_EMBED_SWIFT_STANDARD_LIBRARIES = YES;
				CODE_SIGN_STYLE = Automatic;
				CURRENT_PROJECT_VERSION = 1;
				DEVELOPMENT_TEAM = 4XCQ9J45DF;
				GENERATE_INFOPLIST_FILE = YES;
				MARKETING_VERSION = 1.0;
				PRODUCT_BUNDLE_IDENTIFIER = com.Seraph.SwiftAdvancedLearningUITests;
				PRODUCT_NAME = "$(TARGET_NAME)";
				SWIFT_EMIT_LOC_STRINGS = NO;
				SWIFT_VERSION = 5.0;
				TARGETED_DEVICE_FAMILY = "1,2";
				TEST_TARGET_NAME = SwiftAdvancedLearning;
			};
			name = Release;
		};
/* End XCBuildConfiguration section */

/* Begin XCConfigurationList section */
		0091A13A2CE2BEF400C5DFF8 /* Build configuration list for PBXProject "SwiftAdvancedLearning" */ = {
			isa = XCConfigurationList;
			buildConfigurations = (
				0091A1612CE2BEF500C5DFF8 /* Debug */,
				0091A1622CE2BEF500C5DFF8 /* Release */,
			);
			defaultConfigurationIsVisible = 0;
			defaultConfigurationName = Release;
		};
		0091A1632CE2BEF500C5DFF8 /* Build configuration list for PBXNativeTarget "SwiftAdvancedLearning" */ = {
			isa = XCConfigurationList;
			buildConfigurations = (
				0091A1642CE2BEF500C5DFF8 /* Debug */,
				0091A1652CE2BEF500C5DFF8 /* Release */,
			);
			defaultConfigurationIsVisible = 0;
			defaultConfigurationName = Release;
		};
		0091A1662CE2BEF500C5DFF8 /* Build configuration list for PBXNativeTarget "SwiftAdvancedLearningTests" */ = {
			isa = XCConfigurationList;
			buildConfigurations = (
				0091A1672CE2BEF500C5DFF8 /* Debug */,
				0091A1682CE2BEF500C5DFF8 /* Release */,
			);
			defaultConfigurationIsVisible = 0;
			defaultConfigurationName = Release;
		};
		0091A1692CE2BEF500C5DFF8 /* Build configuration list for PBXNativeTarget "SwiftAdvancedLearningUITests" */ = {
			isa = XCConfigurationList;
			buildConfigurations = (
				0091A16A2CE2BEF500C5DFF8 /* Debug */,
				0091A16B2CE2BEF500C5DFF8 /* Release */,
			);
			defaultConfigurationIsVisible = 0;
			defaultConfigurationName = Release;
		};
/* End XCConfigurationList section */
	};
	rootObject = 0091A1372CE2BEF400C5DFF8 /* Project object */;
}
